
Microsoft Visual Studio Solution File, Format Version 12.00
# Visual Studio 15
VisualStudioVersion = 15.0.28307.421
MinimumVisualStudioVersion = 10.0.40219.1
Project("{9A19103F-16F7-4668-BE54-9A1E7A4F7556}") = "TestWorkTask.Web", "TestWorkTask\TestWorkTask.Web.csproj", "{47E7BEF0-BF0F-4C10-9BDC-0878ED885644}"
EndProject
Project("{9A19103F-16F7-4668-BE54-9A1E7A4F7556}") = "TestWorkTask.Business", "TestWorkTask.Application\TestWorkTask.Business.csproj", "{0FB07DDE-8CB2-42F5-B64B-A82667791755}"
EndProject
Project("{FAE04EC0-301F-11D3-BF4B-00C04F79EFBC}") = "Shared", "Shared\Shared.csproj", "{F2806DB6-DF1C-4A97-8012-B201EEFE455A}"
EndProject
Project("{FAE04EC0-301F-11D3-BF4B-00C04F79EFBC}") = "Client", "Client\Client.csproj", "{159EFE72-FF94-4AEB-A493-4AE2FE37F32E}"
EndProject
Global
	GlobalSection(SolutionConfigurationPlatforms) = preSolution
		Debug|Any CPU = Debug|Any CPU
		Release|Any CPU = Release|Any CPU
	EndGlobalSection
	GlobalSection(ProjectConfigurationPlatforms) = postSolution
		{47E7BEF0-BF0F-4C10-9BDC-0878ED885644}.Debug|Any CPU.ActiveCfg = Debug|Any CPU
		{47E7BEF0-BF0F-4C10-9BDC-0878ED885644}.Debug|Any CPU.Build.0 = Debug|Any CPU
		{47E7BEF0-BF0F-4C10-9BDC-0878ED885644}.Release|Any CPU.ActiveCfg = Release|Any CPU
		{47E7BEF0-BF0F-4C10-9BDC-0878ED885644}.Release|Any CPU.Build.0 = Release|Any CPU
		{0FB07DDE-8CB2-42F5-B64B-A82667791755}.Debug|Any CPU.ActiveCfg = Debug|Any CPU
		{0FB07DDE-8CB2-42F5-B64B-A82667791755}.Debug|Any CPU.Build.0 = Debug|Any CPU
		{0FB07DDE-8CB2-42F5-B64B-A82667791755}.Release|Any CPU.ActiveCfg = Release|Any CPU
		{0FB07DDE-8CB2-42F5-B64B-A82667791755}.Release|Any CPU.Build.0 = Release|Any CPU
		{F2806DB6-DF1C-4A97-8012-B201EEFE455A}.Debug|Any CPU.ActiveCfg = Debug|Any CPU
		{F2806DB6-DF1C-4A97-8012-B201EEFE455A}.Debug|Any CPU.Build.0 = Debug|Any CPU
		{F2806DB6-DF1C-4A97-8012-B201EEFE455A}.Release|Any CPU.ActiveCfg = Release|Any CPU
		{F2806DB6-DF1C-4A97-8012-B201EEFE455A}.Release|Any CPU.Build.0 = Release|Any CPU
		{159EFE72-FF94-4AEB-A493-4AE2FE37F32E}.Debug|Any CPU.ActiveCfg = Debug|Any CPU
		{159EFE72-FF94-4AEB-A493-4AE2FE37F32E}.Debug|Any CPU.Build.0 = Debug|Any CPU
		{159EFE72-FF94-4AEB-A493-4AE2FE37F32E}.Release|Any CPU.ActiveCfg = Release|Any CPU
		{159EFE72-FF94-4AEB-A493-4AE2FE37F32E}.Release|Any CPU.Build.0 = Release|Any CPU
	EndGlobalSection
	GlobalSection(SolutionProperties) = preSolution
		HideSolutionNode = FALSE
	EndGlobalSection
	GlobalSection(ExtensibilityGlobals) = postSolution
		SolutionGuid = {74A4B9D4-70F1-4F5E-BEBC-8A45961C5B38}
	EndGlobalSection
EndGlobal
